
Microsoft Visual Studio Solution File, Format Version 12.00
# Visual Studio Version 16
VisualStudioVersion = 16.0.30523.141
MinimumVisualStudioVersion = 10.0.40219.1
Project("{9A19103F-16F7-4668-BE54-9A1E7A4F7556}") = "CampIntro", "KampIntro\CampIntro.csproj", "{839E25D3-992C-4D43-BB34-13B56C27E642}"
EndProject
Project("{9A19103F-16F7-4668-BE54-9A1E7A4F7556}") = "Loops", "Loops\Loops.csproj", "{28B0B33C-3F43-4E7D-86AE-1562C9DAB535}"
EndProject
Project("{9A19103F-16F7-4668-BE54-9A1E7A4F7556}") = "ClassIntro", "ClassIntro\ClassIntro.csproj", "{ACB9B511-8980-40B0-8BEF-BE59539EC965}"
EndProject
Project("{9A19103F-16F7-4668-BE54-9A1E7A4F7556}") = "Methods", "Methods\Methods.csproj", "{499E9257-40B0-44D1-A3F7-8E9E031E3F75}"
EndProject
Project("{9A19103F-16F7-4668-BE54-9A1E7A4F7556}") = "Math", "Math\Math.csproj", "{D935F5AC-821E-4D6A-BEC3-2D5DF253DDEA}"
EndProject
Project("{9A19103F-16F7-4668-BE54-9A1E7A4F7556}") = "ValueAndReferenceTypes", "ValueAndReferenceTypes\ValueAndReferenceTypes.csproj", "{612977BF-2648-4DFF-9625-01008BF7B5AB}"
EndProject
Project("{9A19103F-16F7-4668-BE54-9A1E7A4F7556}") = "OOP", "OOP\OOP.csproj", "{D8641F21-7F62-4E73-9A9F-BB2E6F0C3F1D}"
EndProject
Project("{9A19103F-16F7-4668-BE54-9A1E7A4F7556}") = "Collections", "Collections\Collections.csproj", "{BED0EFEB-B0CC-4E0A-9CF7-9678F8A175B0}"
EndProject
Project("{9A19103F-16F7-4668-BE54-9A1E7A4F7556}") = "GenericsIntro", "GenericsIntro\GenericsIntro.csproj", "{A338BFCF-1F28-464B-B330-E231AF08F669}"
EndProject
Project("{9A19103F-16F7-4668-BE54-9A1E7A4F7556}") = "OtherOOP", "OtherOOP\OtherOOP.csproj", "{C49C48BE-F517-4F4A-B8F6-38180FFA4FFA}"
EndProject
Project("{9A19103F-16F7-4668-BE54-9A1E7A4F7556}") = "OOP2", "AnotherOOP\OOP2.csproj", "{37416E58-E7A3-4BB4-B0FA-EA3A48E35304}"
EndProject
Project("{FAE04EC0-301F-11D3-BF4B-00C04F79EFBC}") = "GameProject", "GameProject\GameProject.csproj", "{85C210F5-8FB6-4F45-9D79-B5C3DAD2AF83}"
EndProject
Global
	GlobalSection(SolutionConfigurationPlatforms) = preSolution
		Debug|Any CPU = Debug|Any CPU
		Release|Any CPU = Release|Any CPU
	EndGlobalSection
	GlobalSection(ProjectConfigurationPlatforms) = postSolution
		{839E25D3-992C-4D43-BB34-13B56C27E642}.Debug|Any CPU.ActiveCfg = Debug|Any CPU
		{839E25D3-992C-4D43-BB34-13B56C27E642}.Debug|Any CPU.Build.0 = Debug|Any CPU
		{839E25D3-992C-4D43-BB34-13B56C27E642}.Release|Any CPU.ActiveCfg = Release|Any CPU
		{839E25D3-992C-4D43-BB34-13B56C27E642}.Release|Any CPU.Build.0 = Release|Any CPU
		{28B0B33C-3F43-4E7D-86AE-1562C9DAB535}.Debug|Any CPU.ActiveCfg = Debug|Any CPU
		{28B0B33C-3F43-4E7D-86AE-1562C9DAB535}.Debug|Any CPU.Build.0 = Debug|Any CPU
		{28B0B33C-3F43-4E7D-86AE-1562C9DAB535}.Release|Any CPU.ActiveCfg = Release|Any CPU
		{28B0B33C-3F43-4E7D-86AE-1562C9DAB535}.Release|Any CPU.Build.0 = Release|Any CPU
		{ACB9B511-8980-40B0-8BEF-BE59539EC965}.Debug|Any CPU.ActiveCfg = Debug|Any CPU
		{ACB9B511-8980-40B0-8BEF-BE59539EC965}.Debug|Any CPU.Build.0 = Debug|Any CPU
		{ACB9B511-8980-40B0-8BEF-BE59539EC965}.Release|Any CPU.ActiveCfg = Release|Any CPU
		{ACB9B511-8980-40B0-8BEF-BE59539EC965}.Release|Any CPU.Build.0 = Release|Any CPU
		{499E9257-40B0-44D1-A3F7-8E9E031E3F75}.Debug|Any CPU.ActiveCfg = Debug|Any CPU
		{499E9257-40B0-44D1-A3F7-8E9E031E3F75}.Debug|Any CPU.Build.0 = Debug|Any CPU
		{499E9257-40B0-44D1-A3F7-8E9E031E3F75}.Release|Any CPU.ActiveCfg = Release|Any CPU
		{499E9257-40B0-44D1-A3F7-8E9E031E3F75}.Release|Any CPU.Build.0 = Release|Any CPU
		{D935F5AC-821E-4D6A-BEC3-2D5DF253DDEA}.Debug|Any CPU.ActiveCfg = Debug|Any CPU
		{D935F5AC-821E-4D6A-BEC3-2D5DF253DDEA}.Debug|Any CPU.Build.0 = Debug|Any CPU
		{D935F5AC-821E-4D6A-BEC3-2D5DF253DDEA}.Release|Any CPU.ActiveCfg = Release|Any CPU
		{D935F5AC-821E-4D6A-BEC3-2D5DF253DDEA}.Release|Any CPU.Build.0 = Release|Any CPU
		{612977BF-2648-4DFF-9625-01008BF7B5AB}.Debug|Any CPU.ActiveCfg = Debug|Any CPU
		{612977BF-2648-4DFF-9625-01008BF7B5AB}.Debug|Any CPU.Build.0 = Debug|Any CPU
		{612977BF-2648-4DFF-9625-01008BF7B5AB}.Release|Any CPU.ActiveCfg = Release|Any CPU
		{612977BF-2648-4DFF-9625-01008BF7B5AB}.Release|Any CPU.Build.0 = Release|Any CPU
		{D8641F21-7F62-4E73-9A9F-BB2E6F0C3F1D}.Debug|Any CPU.ActiveCfg = Debug|Any CPU
		{D8641F21-7F62-4E73-9A9F-BB2E6F0C3F1D}.Debug|Any CPU.Build.0 = Debug|Any CPU
		{D8641F21-7F62-4E73-9A9F-BB2E6F0C3F1D}.Release|Any CPU.ActiveCfg = Release|Any CPU
		{D8641F21-7F62-4E73-9A9F-BB2E6F0C3F1D}.Release|Any CPU.Build.0 = Release|Any CPU
		{BED0EFEB-B0CC-4E0A-9CF7-9678F8A175B0}.Debug|Any CPU.ActiveCfg = Debug|Any CPU
		{BED0EFEB-B0CC-4E0A-9CF7-9678F8A175B0}.Debug|Any CPU.Build.0 = Debug|Any CPU
		{BED0EFEB-B0CC-4E0A-9CF7-9678F8A175B0}.Release|Any CPU.ActiveCfg = Release|Any CPU
		{BED0EFEB-B0CC-4E0A-9CF7-9678F8A175B0}.Release|Any CPU.Build.0 = Release|Any CPU
		{A338BFCF-1F28-464B-B330-E231AF08F669}.Debug|Any CPU.ActiveCfg = Debug|Any CPU
		{A338BFCF-1F28-464B-B330-E231AF08F669}.Debug|Any CPU.Build.0 = Debug|Any CPU
		{A338BFCF-1F28-464B-B330-E231AF08F669}.Release|Any CPU.ActiveCfg = Release|Any CPU
		{A338BFCF-1F28-464B-B330-E231AF08F669}.Release|Any CPU.Build.0 = Release|Any CPU
		{C49C48BE-F517-4F4A-B8F6-38180FFA4FFA}.Debug|Any CPU.ActiveCfg = Debug|Any CPU
		{C49C48BE-F517-4F4A-B8F6-38180FFA4FFA}.Debug|Any CPU.Build.0 = Debug|Any CPU
		{C49C48BE-F517-4F4A-B8F6-38180FFA4FFA}.Release|Any CPU.ActiveCfg = Release|Any CPU
		{C49C48BE-F517-4F4A-B8F6-38180FFA4FFA}.Release|Any CPU.Build.0 = Release|Any CPU
		{37416E58-E7A3-4BB4-B0FA-EA3A48E35304}.Debug|Any CPU.ActiveCfg = Debug|Any CPU
		{37416E58-E7A3-4BB4-B0FA-EA3A48E35304}.Debug|Any CPU.Build.0 = Debug|Any CPU
		{37416E58-E7A3-4BB4-B0FA-EA3A48E35304}.Release|Any CPU.ActiveCfg = Release|Any CPU
		{37416E58-E7A3-4BB4-B0FA-EA3A48E35304}.Release|Any CPU.Build.0 = Release|Any CPU
		{85C210F5-8FB6-4F45-9D79-B5C3DAD2AF83}.Debug|Any CPU.ActiveCfg = Debug|Any CPU
		{85C210F5-8FB6-4F45-9D79-B5C3DAD2AF83}.Debug|Any CPU.Build.0 = Debug|Any CPU
		{85C210F5-8FB6-4F45-9D79-B5C3DAD2AF83}.Release|Any CPU.ActiveCfg = Release|Any CPU
		{85C210F5-8FB6-4F45-9D79-B5C3DAD2AF83}.Release|Any CPU.Build.0 = Release|Any CPU
	EndGlobalSection
	GlobalSection(SolutionProperties) = preSolution
		HideSolutionNode = FALSE
	EndGlobalSection
	GlobalSection(ExtensibilityGlobals) = postSolution
		SolutionGuid = {8247562A-044A-483A-B301-19F7C8154618}
	EndGlobalSection
EndGlobal
